
Microsoft Visual Studio Solution File, Format Version 12.00
# Visual Studio 14
VisualStudioVersion = 14.0.25420.1
MinimumVisualStudioVersion = 10.0.40219.1
Project("{F14B399A-7131-4C87-9E4B-1186C45EF12D}") = "CSVReport", "CSVReport\CSVReport.rptproj", "{A82BD44B-EFC6-4A60-901C-4E90661F52E7}"
EndProject
Global
	GlobalSection(SolutionConfigurationPlatforms) = preSolution
		Debug|Default = Debug|Default
		DebugLocal|Default = DebugLocal|Default
		Release|Default = Release|Default
	EndGlobalSection
	GlobalSection(ProjectConfigurationPlatforms) = postSolution
		{A82BD44B-EFC6-4A60-901C-4E90661F52E7}.Debug|Default.ActiveCfg = Debug
		{A82BD44B-EFC6-4A60-901C-4E90661F52E7}.Debug|Default.Build.0 = Debug
		{A82BD44B-EFC6-4A60-901C-4E90661F52E7}.Debug|Default.Deploy.0 = Debug
		{A82BD44B-EFC6-4A60-901C-4E90661F52E7}.DebugLocal|Default.ActiveCfg = DebugLocal
		{A82BD44B-EFC6-4A60-901C-4E90661F52E7}.DebugLocal|Default.Build.0 = DebugLocal
		{A82BD44B-EFC6-4A60-901C-4E90661F52E7}.Release|Default.ActiveCfg = Release
		{A82BD44B-EFC6-4A60-901C-4E90661F52E7}.Release|Default.Build.0 = Release
		{A82BD44B-EFC6-4A60-901C-4E90661F52E7}.Release|Default.Deploy.0 = Release
	EndGlobalSection
	GlobalSection(SolutionProperties) = preSolution
		HideSolutionNode = FALSE
	EndGlobalSection
EndGlobal
